// !$*UTF8*$!
{
	archiveVersion = 1;
	classes = {
	};
	objectVersion = 46;
	objects = {

/* Begin PBXBuildFile section */
		FFD54F451B91D10B00B2F9B7 /* main.m in Sources */ = {isa = PBXBuildFile; fileRef = FFD54F441B91D10B00B2F9B7 /* main.m */; };
		FFD54F481B91D10B00B2F9B7 /* AppDelegate.m in Sources */ = {isa = PBXBuildFile; fileRef = FFD54F471B91D10B00B2F9B7 /* AppDelegate.m */; };
		FFD54F4B1B91D10B00B2F9B7 /* ViewController.m in Sources */ = {isa = PBXBuildFile; fileRef = FFD54F4A1B91D10B00B2F9B7 /* ViewController.m */; };
		FFD54F4E1B91D10B00B2F9B7 /* Main.storyboard in Resources */ = {isa = PBXBuildFile; fileRef = FFD54F4C1B91D10B00B2F9B7 /* Main.storyboard */; };
		FFD54F501B91D10B00B2F9B7 /* Images.xcassets in Resources */ = {isa = PBXBuildFile; fileRef = FFD54F4F1B91D10B00B2F9B7 /* Images.xcassets */; };
		FFD54F531B91D10B00B2F9B7 /* LaunchScreen.xib in Resources */ = {isa = PBXBuildFile; fileRef = FFD54F511B91D10B00B2F9B7 /* LaunchScreen.xib */; };
		FFD54F5F1B91D10B00B2F9B7 /* UIScrollViewChallengeTests.m in Sources */ = {isa = PBXBuildFile; fileRef = FFD54F5E1B91D10B00B2F9B7 /* UIScrollViewChallengeTests.m */; };
		FFD54F691B91D22A00B2F9B7 /* worldMap.jpeg in Resources */ = {isa = PBXBuildFile; fileRef = FFD54F681B91D22A00B2F9B7 /* worldMap.jpeg */; };
/* End PBXBuildFile section */

/* Begin PBXContainerItemProxy section */
		FFD54F591B91D10B00B2F9B7 /* PBXContainerItemProxy */ = {
			isa = PBXContainerItemProxy;
			containerPortal = FFD54F371B91D10B00B2F9B7 /* Project object */;
			proxyType = 1;
			remoteGlobalIDString = FFD54F3E1B91D10B00B2F9B7;
			remoteInfo = UIScrollViewChallenge;
		};
/* End PBXContainerItemProxy section */

/* Begin PBXFileReference section */
		FFD54F3F1B91D10B00B2F9B7 /* UIScrollViewChallenge.app */ = {isa = PBXFileReference; explicitFileType = wrapper.application; includeInIndex = 0; path = UIScrollViewChallenge.app; sourceTree = BUILT_PRODUCTS_DIR; };
		FFD54F431B91D10B00B2F9B7 /* Info.plist */ = {isa = PBXFileReference; lastKnownFileType = text.plist.xml; path = Info.plist; sourceTree = "<group>"; };
		FFD54F441B91D10B00B2F9B7 /* main.m */ = {isa = PBXFileReference; lastKnownFileType = sourcecode.c.objc; path = main.m; sourceTree = "<group>"; };
		FFD54F461B91D10B00B2F9B7 /* AppDelegate.h */ = {isa = PBXFileReference; lastKnownFileType = sourcecode.c.h; path = AppDelegate.h; sourceTree = "<group>"; };
		FFD54F471B91D10B00B2F9B7 /* AppDelegate.m */ = {isa = PBXFileReference; lastKnownFileType = sourcecode.c.objc; path = AppDelegate.m; sourceTree = "<group>"; };
		FFD54F491B91D10B00B2F9B7 /* ViewController.h */ = {isa = PBXFileReference; lastKnownFileType = sourcecode.c.h; path = ViewController.h; sourceTree = "<group>"; };
		FFD54F4A1B91D10B00B2F9B7 /* ViewController.m */ = {isa = PBXFileReference; lastKnownFileType = sourcecode.c.objc; path = ViewController.m; sourceTree = "<group>"; };
		FFD54F4D1B91D10B00B2F9B7 /* Base */ = {isa = PBXFileReference; lastKnownFileType = file.storyboard; name = Base; path = Base.lproj/Main.storyboard; sourceTree = "<group>"; };
		FFD54F4F1B91D10B00B2F9B7 /* Images.xcassets */ = {isa = PBXFileReference; lastKnownFileType = folder.assetcatalog; path = Images.xcassets; sourceTree = "<group>"; };
		FFD54F521B91D10B00B2F9B7 /* Base */ = {isa = PBXFileReference; lastKnownFileType = file.xib; name = Base; path = Base.lproj/LaunchScreen.xib; sourceTree = "<group>"; };
		FFD54F581B91D10B00B2F9B7 /* UIScrollViewChallengeTests.xctest */ = {isa = PBXFileReference; explicitFileType = wrapper.cfbundle; includeInIndex = 0; path = UIScrollViewChallengeTests.xctest; sourceTree = BUILT_PRODUCTS_DIR; };
		FFD54F5D1B91D10B00B2F9B7 /* Info.plist */ = {isa = PBXFileReference; lastKnownFileType = text.plist.xml; path = Info.plist; sourceTree = "<group>"; };
		FFD54F5E1B91D10B00B2F9B7 /* UIScrollViewChallengeTests.m */ = {isa = PBXFileReference; lastKnownFileType = sourcecode.c.objc; path = UIScrollViewChallengeTests.m; sourceTree = "<group>"; };
		FFD54F681B91D22A00B2F9B7 /* worldMap.jpeg */ = {isa = PBXFileReference; lastKnownFileType = image.jpeg; path = worldMap.jpeg; sourceTree = "<group>"; };
/* End PBXFileReference section */

/* Begin PBXFrameworksBuildPhase section */
		FFD54F3C1B91D10B00B2F9B7 /* Frameworks */ = {
			isa = PBXFrameworksBuildPhase;
			buildActionMask = 2147483647;
			files = (
			);
			runOnlyForDeploymentPostprocessing = 0;
		};
		FFD54F551B91D10B00B2F9B7 /* Frameworks */ = {
			isa = PBXFrameworksBuildPhase;
			buildActionMask = 2147483647;
			files = (
			);
			runOnlyForDeploymentPostprocessing = 0;
		};
/* End PBXFrameworksBuildPhase section */

/* Begin PBXGroup section */
		FFD54F361B91D10B00B2F9B7 = {
			isa = PBXGroup;
			children = (
				FFD54F411B91D10B00B2F9B7 /* UIScrollViewChallenge */,
				FFD54F5B1B91D10B00B2F9B7 /* UIScrollViewChallengeTests */,
				FFD54F401B91D10B00B2F9B7 /* Products */,
			);
			sourceTree = "<group>";
		};
		FFD54F401B91D10B00B2F9B7 /* Products */ = {
			isa = PBXGroup;
			children = (
				FFD54F3F1B91D10B00B2F9B7 /* UIScrollViewChallenge.app */,
				FFD54F581B91D10B00B2F9B7 /* UIScrollViewChallengeTests.xctest */,
			);
			name = Products;
			sourceTree = "<group>";
		};
		FFD54F411B91D10B00B2F9B7 /* UIScrollViewChallenge */ = {
			isa = PBXGroup;
			children = (
				FFD54F461B91D10B00B2F9B7 /* AppDelegate.h */,
				FFD54F471B91D10B00B2F9B7 /* AppDelegate.m */,
				FFD54F491B91D10B00B2F9B7 /* ViewController.h */,
				FFD54F4A1B91D10B00B2F9B7 /* ViewController.m */,
				FFD54F4C1B91D10B00B2F9B7 /* Main.storyboard */,
				FFD54F4F1B91D10B00B2F9B7 /* Images.xcassets */,
				FFD54F511B91D10B00B2F9B7 /* LaunchScreen.xib */,
				FFD54F421B91D10B00B2F9B7 /* Supporting Files */,
			);
			path = UIScrollViewChallenge;
			sourceTree = "<group>";
		};
		FFD54F421B91D10B00B2F9B7 /* Supporting Files */ = {
			isa = PBXGroup;
			children = (
				FFD54F681B91D22A00B2F9B7 /* worldMap.jpeg */,
				FFD54F431B91D10B00B2F9B7 /* Info.plist */,
				FFD54F441B91D10B00B2F9B7 /* main.m */,
			);
			name = "Supporting Files";
			sourceTree = "<group>";
		};
		FFD54F5B1B91D10B00B2F9B7 /* UIScrollViewChallengeTests */ = {
			isa = PBXGroup;
			children = (
				FFD54F5E1B91D10B00B2F9B7 /* UIScrollViewChallengeTests.m */,
				FFD54F5C1B91D10B00B2F9B7 /* Supporting Files */,
			);
			path = UIScrollViewChallengeTests;
			sourceTree = "<group>";
		};
		FFD54F5C1B91D10B00B2F9B7 /* Supporting Files */ = {
			isa = PBXGroup;
			children = (
				FFD54F5D1B91D10B00B2F9B7 /* Info.plist */,
			);
			name = "Supporting Files";
			sourceTree = "<group>";
		};
/* End PBXGroup section */

/* Begin PBXNativeTarget section */
		FFD54F3E1B91D10B00B2F9B7 /* UIScrollViewChallenge */ = {
			isa = PBXNativeTarget;
			buildConfigurationList = FFD54F621B91D10B00B2F9B7 /* Build configuration list for PBXNativeTarget "UIScrollViewChallenge" */;
			buildPhases = (
				FFD54F3B1B91D10B00B2F9B7 /* Sources */,
				FFD54F3C1B91D10B00B2F9B7 /* Frameworks */,
				FFD54F3D1B91D10B00B2F9B7 /* Resources */,
			);
			buildRules = (
			);
			dependencies = (
			);
			name = UIScrollViewChallenge;
			productName = UIScrollViewChallenge;
			productReference = FFD54F3F1B91D10B00B2F9B7 /* UIScrollViewChallenge.app */;
			productType = "com.apple.product-type.application";
		};
		FFD54F571B91D10B00B2F9B7 /* UIScrollViewChallengeTests */ = {
			isa = PBXNativeTarget;
			buildConfigurationList = FFD54F651B91D10B00B2F9B7 /* Build configuration list for PBXNativeTarget "UIScrollViewChallengeTests" */;
			buildPhases = (
				FFD54F541B91D10B00B2F9B7 /* Sources */,
				FFD54F551B91D10B00B2F9B7 /* Frameworks */,
				FFD54F561B91D10B00B2F9B7 /* Resources */,
			);
			buildRules = (
			);
			dependencies = (
				FFD54F5A1B91D10B00B2F9B7 /* PBXTargetDependency */,
			);
			name = UIScrollViewChallengeTests;
			productName = UIScrollViewChallengeTests;
			productReference = FFD54F581B91D10B00B2F9B7 /* UIScrollViewChallengeTests.xctest */;
			productType = "com.apple.product-type.bundle.unit-test";
		};
/* End PBXNativeTarget section */

/* Begin PBXProject section */
		FFD54F371B91D10B00B2F9B7 /* Project object */ = {
			isa = PBXProject;
			attributes = {
				LastUpgradeCheck = 0640;
				ORGANIZATIONNAME = "Adriano Falleti";
				TargetAttributes = {
					FFD54F3E1B91D10B00B2F9B7 = {
						CreatedOnToolsVersion = 6.4;
					};
					FFD54F571B91D10B00B2F9B7 = {
						CreatedOnToolsVersion = 6.4;
						TestTargetID = FFD54F3E1B91D10B00B2F9B7;
					};
				};
			};
			buildConfigurationList = FFD54F3A1B91D10B00B2F9B7 /* Build configuration list for PBXProject "UIScrollViewChallenge" */;
			compatibilityVersion = "Xcode 3.2";
			developmentRegion = English;
			hasScannedForEncodings = 0;
			knownRegions = (
				en,
				Base,
			);
			mainGroup = FFD54F361B91D10B00B2F9B7;
			productRefGroup = FFD54F401B91D10B00B2F9B7 /* Products */;
			projectDirPath = "";
			projectRoot = "";
			targets = (
				FFD54F3E1B91D10B00B2F9B7 /* UIScrollViewChallenge */,
				FFD54F571B91D10B00B2F9B7 /* UIScrollViewChallengeTests */,
			);
		};
/* End PBXProject section */

/* Begin PBXResourcesBuildPhase section */
		FFD54F3D1B91D10B00B2F9B7 /* Resources */ = {
			isa = PBXResourcesBuildPhase;
			buildActionMask = 2147483647;
			files = (
				FFD54F4E1B91D10B00B2F9B7 /* Main.storyboard in Resources */,
				FFD54F531B91D10B00B2F9B7 /* LaunchScreen.xib in Resources */,
				FFD54F501B91D10B00B2F9B7 /* Images.xcassets in Resources */,
				FFD54F691B91D22A00B2F9B7 /* worldMap.jpeg in Resources */,
			);
			runOnlyForDeploymentPostprocessing = 0;
		};
		FFD54F561B91D10B00B2F9B7 /* Resources */ = {
			isa = PBXResourcesBuildPhase;
			buildActionMask = 2147483647;
			files = (
			);
			runOnlyForDeploymentPostprocessing = 0;
		};
/* End PBXResourcesBuildPhase section */

/* Begin PBXSourcesBuildPhase section */
		FFD54F3B1B91D10B00B2F9B7 /* Sources */ = {
			isa = PBXSourcesBuildPhase;
			buildActionMask = 2147483647;
			files = (
				FFD54F4B1B91D10B00B2F9B7 /* ViewController.m in Sources */,
				FFD54F481B91D10B00B2F9B7 /* AppDelegate.m in Sources */,
				FFD54F451B91D10B00B2F9B7 /* main.m in Sources */,
			);
			runOnlyForDeploymentPostprocessing = 0;
		};
		FFD54F541B91D10B00B2F9B7 /* Sources */ = {
			isa = PBXSourcesBuildPhase;
			buildActionMask = 2147483647;
			files = (
				FFD54F5F1B91D10B00B2F9B7 /* UIScrollViewChallengeTests.m in Sources */,
			);
			runOnlyForDeploymentPostprocessing = 0;
		};
/* End PBXSourcesBuildPhase section */

/* Begin PBXTargetDependency section */
		FFD54F5A1B91D10B00B2F9B7 /* PBXTargetDependency */ = {
			isa = PBXTargetDependency;
			target = FFD54F3E1B91D10B00B2F9B7 /* UIScrollViewChallenge */;
			targetProxy = FFD54F591B91D10B00B2F9B7 /* PBXContainerItemProxy */;
		};
/* End PBXTargetDependency section */

/* Begin PBXVariantGroup section */
		FFD54F4C1B91D10B00B2F9B7 /* Main.storyboard */ = {
			isa = PBXVariantGroup;
			children = (
				FFD54F4D1B91D10B00B2F9B7 /* Base */,
			);
			name = Main.storyboard;
			sourceTree = "<group>";
		};
		FFD54F511B91D10B00B2F9B7 /* LaunchScreen.xib */ = {
			isa = PBXVariantGroup;
			children = (
				FFD54F521B91D10B00B2F9B7 /* Base */,
			);
			name = LaunchScreen.xib;
			sourceTree = "<group>";
		};
/* End PBXVariantGroup section */

/* Begin XCBuildConfiguration section */
		FFD54F601B91D10B00B2F9B7 /* Debug */ = {
			isa = XCBuildConfiguration;
			buildSettings = {
				ALWAYS_SEARCH_USER_PATHS = NO;
				CLANG_CXX_LANGUAGE_STANDARD = "gnu++0x";
				CLANG_CXX_LIBRARY = "libc++";
				CLANG_ENABLE_MODULES = YES;
				CLANG_ENABLE_OBJC_ARC = YES;
				CLANG_WARN_BOOL_CONVERSION = YES;
				CLANG_WARN_CONSTANT_CONVERSION = YES;
				CLANG_WARN_DIRECT_OBJC_ISA_USAGE = YES_ERROR;
				CLANG_WARN_EMPTY_BODY = YES;
				CLANG_WARN_ENUM_CONVERSION = YES;
				CLANG_WARN_INT_CONVERSION = YES;
				CLANG_WARN_OBJC_ROOT_CLASS = YES_ERROR;
				CLANG_WARN_UNREACHABLE_CODE = YES;
				CLANG_WARN__DUPLICATE_METHOD_MATCH = YES;
				"CODE_SIGN_IDENTITY[sdk=iphoneos*]" = "iPhone Developer";
				COPY_PHASE_STRIP = NO;
				DEBUG_INFORMATION_FORMAT = "dwarf-with-dsym";
				ENABLE_STRICT_OBJC_MSGSEND = YES;
				GCC_C_LANGUAGE_STANDARD = gnu99;
				GCC_DYNAMIC_NO_PIC = NO;
				GCC_NO_COMMON_BLOCKS = YES;
				GCC_OPTIMIZATION_LEVEL = 0;
				GCC_PREPROCESSOR_DEFINITIONS = (
					"DEBUG=1",
					"$(inherited)",
				);
				GCC_SYMBOLS_PRIVATE_EXTERN = NO;
				GCC_WARN_64_TO_32_BIT_CONVERSION = YES;
				GCC_WARN_ABOUT_RETURN_TYPE = YES_ERROR;
				GCC_WARN_UNDECLARED_SELECTOR = YES;
				GCC_WARN_UNINITIALIZED_AUTOS = YES_AGGRESSIVE;
				GCC_WARN_UNUSED_FUNCTION = YES;
				GCC_WARN_UNUSED_VARIABLE = YES;
				IPHONEOS_DEPLOYMENT_TARGET = 8.4;
				MTL_ENABLE_DEBUG_INFO = YES;
				ONLY_ACTIVE_ARCH = YES;
				SDKROOT = iphoneos;
			};
			name = Debug;
		};
		FFD54F611B91D10B00B2F9B7 /* Release */ = {
			isa = XCBuildConfiguration;
			buildSettings = {
				ALWAYS_SEARCH_USER_PATHS = NO;
				CLANG_CXX_LANGUAGE_STANDARD = "gnu++0x";
				CLANG_CXX_LIBRARY = "libc++";
				CLANG_ENABLE_MODULES = YES;
				CLANG_ENABLE_OBJC_ARC = YES;
				CLANG_WARN_BOOL_CONVERSION = YES;
				CLANG_WARN_CONSTANT_CONVERSION = YES;
				CLANG_WARN_DIRECT_OBJC_ISA_USAGE = YES_ERROR;
				CLANG_WARN_EMPTY_BODY = YES;
				CLANG_WARN_ENUM_CONVERSION = YES;
				CLANG_WARN_INT_CONVERSION = YES;
				CLANG_WARN_OBJC_ROOT_CLASS = YES_ERROR;
				CLANG_WARN_UNREACHABLE_CODE = YES;
				CLANG_WARN__DUPLICATE_METHOD_MATCH = YES;
				"CODE_SIGN_IDENTITY[sdk=iphoneos*]" = "iPhone Developer";
				COPY_PHASE_STRIP = NO;
				DEBUG_INFORMATION_FORMAT = "dwarf-with-dsym";
				ENABLE_NS_ASSERTIONS = NO;
				ENABLE_STRICT_OBJC_MSGSEND = YES;
				GCC_C_LANGUAGE_STANDARD = gnu99;
				GCC_NO_COMMON_BLOCKS = YES;
				GCC_WARN_64_TO_32_BIT_CONVERSION = YES;
				GCC_WARN_ABOUT_RETURN_TYPE = YES_ERROR;
				GCC_WARN_UNDECLARED_SELECTOR = YES;
				GCC_WARN_UNINITIALIZED_AUTOS = YES_AGGRESSIVE;
				GCC_WARN_UNUSED_FUNCTION = YES;
				GCC_WARN_UNUSED_VARIABLE = YES;
				IPHONEOS_DEPLOYMENT_TARGET = 8.4;
				MTL_ENABLE_DEBUG_INFO = NO;
				SDKROOT = iphoneos;
				VALIDATE_PRODUCT = YES;
			};
			name = Release;
		};
		FFD54F631B91D10B00B2F9B7 /* Debug */ = {
			isa = XCBuildConfiguration;
			buildSettings = {
				ASSETCATALOG_COMPILER_APPICON_NAME = AppIcon;
				INFOPLIST_FILE = UIScrollViewChallenge/Info.plist;
				LD_RUNPATH_SEARCH_PATHS = "$(inherited) @executable_path/Frameworks";
				PRODUCT_NAME = "$(TARGET_NAME)";
			};
			name = Debug;
		};
		FFD54F641B91D10B00B2F9B7 /* Release */ = {
			isa = XCBuildConfiguration;
			buildSettings = {
				ASSETCATALOG_COMPILER_APPICON_NAME = AppIcon;
				INFOPLIST_FILE = UIScrollViewChallenge/Info.plist;
				LD_RUNPATH_SEARCH_PATHS = "$(inherited) @executable_path/Frameworks";
				PRODUCT_NAME = "$(TARGET_NAME)";
			};
			name = Release;
		};
		FFD54F661B91D10B00B2F9B7 /* Debug */ = {
			isa = XCBuildConfiguration;
			buildSettings = {
				BUNDLE_LOADER = "$(TEST_HOST)";
				FRAMEWORK_SEARCH_PATHS = (
					"$(SDKROOT)/Developer/Library/Frameworks",
					"$(inherited)",
				);
				GCC_PREPROCESSOR_DEFINITIONS = (
					"DEBUG=1",
					"$(inherited)",
				);
				INFOPLIST_FILE = UIScrollViewChallengeTests/Info.plist;
				LD_RUNPATH_SEARCH_PATHS = "$(inherited) @executable_path/Frameworks @loader_path/Frameworks";
				PRODUCT_NAME = "$(TARGET_NAME)";
				TEST_HOST = "$(BUILT_PRODUCTS_DIR)/UIScrollViewChallenge.app/UIScrollViewChallenge";
			};
			name = Debug;
		};
		FFD54F671B91D10B00B2F9B7 /* Release */ = {
			isa = XCBuildConfiguration;
			buildSettings = {
				BUNDLE_LOADER = "$(TEST_HOST)";
				FRAMEWORK_SEARCH_PATHS = (
					"$(SDKROOT)/Developer/Library/Frameworks",
					"$(inherited)",
				);
				INFOPLIST_FILE = UIScrollViewChallengeTests/Info.plist;
				LD_RUNPATH_SEARCH_PATHS = "$(inherited) @executable_path/Frameworks @loader_path/Frameworks";
				PRODUCT_NAME = "$(TARGET_NAME)";
				TEST_HOST = "$(BUILT_PRODUCTS_DIR)/UIScrollViewChallenge.app/UIScrollViewChallenge";
			};
			name = Release;
		};
/* End XCBuildConfiguration section */

/* Begin XCConfigurationList section */
		FFD54F3A1B91D10B00B2F9B7 /* Build configuration list for PBXProject "UIScrollViewChallenge" */ = {
			isa = XCConfigurationList;
			buildConfigurations = (
				FFD54F601B91D10B00B2F9B7 /* Debug */,
				FFD54F611B91D10B00B2F9B7 /* Release */,
			);
			defaultConfigurationIsVisible = 0;
			defaultConfigurationName = Release;
		};
		FFD54F621B91D10B00B2F9B7 /* Build configuration list for PBXNativeTarget "UIScrollViewChallenge" */ = {
			isa = XCConfigurationList;
			buildConfigurations = (
				FFD54F631B91D10B00B2F9B7 /* Debug */,
				FFD54F641B91D10B00B2F9B7 /* Release */,
			);
			defaultConfigurationIsVisible = 0;
		};
		FFD54F651B91D10B00B2F9B7 /* Build configuration list for PBXNativeTarget "UIScrollViewChallengeTests" */ = {
			isa = XCConfigurationList;
			buildConfigurations = (
				FFD54F661B91D10B00B2F9B7 /* Debug */,
				FFD54F671B91D10B00B2F9B7 /* Release */,
			);
			defaultConfigurationIsVisible = 0;
		};
/* End XCConfigurationList section */
	};
	rootObject = FFD54F371B91D10B00B2F9B7 /* Project object */;
}
